# generated by rye
# use `rye lock` or `rye sync` to update this lockfile
#
# last locked with the following flags:
#   pre: false
#   features: []
#   all-features: false
#   with-sources: false
#   generate-hashes: false
#   universal: false

-e file:.
annotated-types==0.7.0
    # via pydantic
basedpyright==1.17.2
click==8.1.7
    # via siun
coverage==7.6.1
iniconfig==2.0.0
    # via pytest
nodejs-wheel-binaries==20.17.0
    # via basedpyright
packaging==24.1
    # via pytest
pluggy==1.5.0
    # via pytest
pydantic==2.9.0
    # via siun
pydantic-core==2.23.2
    # via pydantic
pytest==8.3.2
ruff==0.6.4
typing-extensions==4.12.2
    # via pydantic
    # via pydantic-core
tzdata==2024.1
    # via pydantic
